
Microsoft Visual Studio Solution File, Format Version 12.00
# Visual Studio Version 17
VisualStudioVersion = 17.4.33110.190
MinimumVisualStudioVersion = 10.0.40219.1
Project("{FAE04EC0-301F-11D3-BF4B-00C04F79EFBC}") = "sharp_21-11-2022_Class_byte", "sharp_21-11-2022_Class_byte.csproj", "{A3DEDCDC-A195-46FF-9DA6-BDB352FFAEEB}"
EndProject
Global
	GlobalSection(SolutionConfigurationPlatforms) = preSolution
		Debug|Any CPU = Debug|Any CPU
		Release|Any CPU = Release|Any CPU
	EndGlobalSection
	GlobalSection(ProjectConfigurationPlatforms) = postSolution
		{A3DEDCDC-A195-46FF-9DA6-BDB352FFAEEB}.Debug|Any CPU.ActiveCfg = Debug|Any CPU
		{A3DEDCDC-A195-46FF-9DA6-BDB352FFAEEB}.Debug|Any CPU.Build.0 = Debug|Any CPU
		{A3DEDCDC-A195-46FF-9DA6-BDB352FFAEEB}.Release|Any CPU.ActiveCfg = Release|Any CPU
		{A3DEDCDC-A195-46FF-9DA6-BDB352FFAEEB}.Release|Any CPU.Build.0 = Release|Any CPU
	EndGlobalSection
	GlobalSection(SolutionProperties) = preSolution
		HideSolutionNode = FALSE
	EndGlobalSection
	GlobalSection(ExtensibilityGlobals) = postSolution
		SolutionGuid = {8AFC33FC-6D3C-485A-905C-4BFBFB99EF3B}
	EndGlobalSection
EndGlobal
